
Microsoft Visual Studio Solution File, Format Version 12.00
# Visual Studio Version 17
VisualStudioVersion = 17.10.35013.160
MinimumVisualStudioVersion = 10.0.40219.1
Project("{FAE04EC0-301F-11D3-BF4B-00C04F79EFBC}") = "CarWashBackend", "CarWashBackend\CarWashBackend.csproj", "{081F49E2-292A-43AE-B3A1-FACBFEA1695F}"
EndProject
Project("{2150E333-8FDC-42A3-9474-1A3956D46DE8}") = "Elementos de la solución", "Elementos de la solución", "{776DDE52-3A01-48BD-84B1-BA72CA2A59F3}"
	ProjectSection(SolutionItems) = preProject
		railway.toml = railway.toml
	EndProjectSection
EndProject
Global
	GlobalSection(SolutionConfigurationPlatforms) = preSolution
		Debug|Any CPU = Debug|Any CPU
		Release|Any CPU = Release|Any CPU
	EndGlobalSection
	GlobalSection(ProjectConfigurationPlatforms) = postSolution
		{081F49E2-292A-43AE-B3A1-FACBFEA1695F}.Debug|Any CPU.ActiveCfg = Debug|Any CPU
		{081F49E2-292A-43AE-B3A1-FACBFEA1695F}.Debug|Any CPU.Build.0 = Debug|Any CPU
		{081F49E2-292A-43AE-B3A1-FACBFEA1695F}.Release|Any CPU.ActiveCfg = Release|Any CPU
		{081F49E2-292A-43AE-B3A1-FACBFEA1695F}.Release|Any CPU.Build.0 = Release|Any CPU
	EndGlobalSection
	GlobalSection(SolutionProperties) = preSolution
		HideSolutionNode = FALSE
	EndGlobalSection
	GlobalSection(ExtensibilityGlobals) = postSolution
		SolutionGuid = {CE646F3F-C035-46C8-A001-C44E8F6ADAB5}
	EndGlobalSection
EndGlobal
